
Microsoft Visual Studio Solution File, Format Version 12.00
# Visual Studio Version 17
VisualStudioVersion = 17.5.33627.172
MinimumVisualStudioVersion = 10.0.40219.1
Project("{FAE04EC0-301F-11D3-BF4B-00C04F79EFBC}") = "KJMC.EN", "KJMC.EN\KJMC.EN.csproj", "{26A0131E-73E8-40B5-89D2-0BDBBB5CF04C}"
EndProject
Project("{2150E333-8FDC-42A3-9474-1A3956D46DE8}") = "Enterprise Bussines Roles", "Enterprise Bussines Roles", "{D5F16636-D3D1-45BC-BC17-FC4AC7005FDC}"
EndProject
Project("{2150E333-8FDC-42A3-9474-1A3956D46DE8}") = "Aplication Bussines Roles", "Aplication Bussines Roles", "{DC049CA6-04B7-4527-8230-6BDC9A8D38EA}"
EndProject
Project("{2150E333-8FDC-42A3-9474-1A3956D46DE8}") = "Interface Adapter", "Interface Adapter", "{64628FB3-B977-4FB4-B9EA-90C600456613}"
EndProject
Project("{2150E333-8FDC-42A3-9474-1A3956D46DE8}") = "FrameworksDrivers", "FrameworksDrivers", "{3F3EDE4B-44FB-448F-8D79-736ADFE4ECDE}"
EndProject
Project("{FAE04EC0-301F-11D3-BF4B-00C04F79EFBC}") = "KJMC.EN.Interfaces", "KJMC.EN.Interfaces\KJMC.EN.Interfaces.csproj", "{08401555-803B-4C61-9ACD-9051583F5341}"
EndProject
Project("{FAE04EC0-301F-11D3-BF4B-00C04F79EFBC}") = "KJMC.BL", "KJMC.BL\KJMC.BL.csproj", "{EC6C9F01-43AE-4603-8EB3-C09CE65FD944}"
EndProject
Project("{FAE04EC0-301F-11D3-BF4B-00C04F79EFBC}") = "KJMC.BL.Interfaces", "KJMC.BL.Interfaces\KJMC.BL.Interfaces.csproj", "{A4AA5DCF-90B6-4E6B-AE29-41D9DE3632F9}"
EndProject
Project("{FAE04EC0-301F-11D3-BF4B-00C04F79EFBC}") = "KJMC.BL.DTOs", "KJMC.BL.DTOs\KJMC.BL.DTOs.csproj", "{02BB04BE-DC13-4DFA-ADB4-05C9CBFE61DB}"
EndProject
Project("{FAE04EC0-301F-11D3-BF4B-00C04F79EFBC}") = "KJMC.DAL", "KJMC.DAL\KJMC.DAL.csproj", "{0987219D-C3D8-428B-9DB7-ECB937F86B2F}"
EndProject
Project("{FAE04EC0-301F-11D3-BF4B-00C04F79EFBC}") = "KJMC.IoC", "KJMC.IoC\KJMC.IoC.csproj", "{ED3A3190-D2C4-477D-A359-5F3E0DA137CE}"
EndProject
Project("{FAE04EC0-301F-11D3-BF4B-00C04F79EFBC}") = "KJMC.API", "KJMC.API\KJMC.API.csproj", "{4A036DE4-242E-4BB7-B67F-B6498FBCCC3E}"
EndProject
Project("{FAE04EC0-301F-11D3-BF4B-00C04F79EFBC}") = "KJMC.UI.WebMVC", "KJMC.UI.WebMVC\KJMC.UI.WebMVC.csproj", "{18AC26BC-88B8-4870-AB37-58191CF9829A}"
EndProject
Global
	GlobalSection(SolutionConfigurationPlatforms) = preSolution
		Debug|Any CPU = Debug|Any CPU
		Release|Any CPU = Release|Any CPU
	EndGlobalSection
	GlobalSection(ProjectConfigurationPlatforms) = postSolution
		{26A0131E-73E8-40B5-89D2-0BDBBB5CF04C}.Debug|Any CPU.ActiveCfg = Debug|Any CPU
		{26A0131E-73E8-40B5-89D2-0BDBBB5CF04C}.Debug|Any CPU.Build.0 = Debug|Any CPU
		{26A0131E-73E8-40B5-89D2-0BDBBB5CF04C}.Release|Any CPU.ActiveCfg = Release|Any CPU
		{26A0131E-73E8-40B5-89D2-0BDBBB5CF04C}.Release|Any CPU.Build.0 = Release|Any CPU
		{08401555-803B-4C61-9ACD-9051583F5341}.Debug|Any CPU.ActiveCfg = Debug|Any CPU
		{08401555-803B-4C61-9ACD-9051583F5341}.Debug|Any CPU.Build.0 = Debug|Any CPU
		{08401555-803B-4C61-9ACD-9051583F5341}.Release|Any CPU.ActiveCfg = Release|Any CPU
		{08401555-803B-4C61-9ACD-9051583F5341}.Release|Any CPU.Build.0 = Release|Any CPU
		{EC6C9F01-43AE-4603-8EB3-C09CE65FD944}.Debug|Any CPU.ActiveCfg = Debug|Any CPU
		{EC6C9F01-43AE-4603-8EB3-C09CE65FD944}.Debug|Any CPU.Build.0 = Debug|Any CPU
		{EC6C9F01-43AE-4603-8EB3-C09CE65FD944}.Release|Any CPU.ActiveCfg = Release|Any CPU
		{EC6C9F01-43AE-4603-8EB3-C09CE65FD944}.Release|Any CPU.Build.0 = Release|Any CPU
		{A4AA5DCF-90B6-4E6B-AE29-41D9DE3632F9}.Debug|Any CPU.ActiveCfg = Debug|Any CPU
		{A4AA5DCF-90B6-4E6B-AE29-41D9DE3632F9}.Debug|Any CPU.Build.0 = Debug|Any CPU
		{A4AA5DCF-90B6-4E6B-AE29-41D9DE3632F9}.Release|Any CPU.ActiveCfg = Release|Any CPU
		{A4AA5DCF-90B6-4E6B-AE29-41D9DE3632F9}.Release|Any CPU.Build.0 = Release|Any CPU
		{02BB04BE-DC13-4DFA-ADB4-05C9CBFE61DB}.Debug|Any CPU.ActiveCfg = Debug|Any CPU
		{02BB04BE-DC13-4DFA-ADB4-05C9CBFE61DB}.Debug|Any CPU.Build.0 = Debug|Any CPU
		{02BB04BE-DC13-4DFA-ADB4-05C9CBFE61DB}.Release|Any CPU.ActiveCfg = Release|Any CPU
		{02BB04BE-DC13-4DFA-ADB4-05C9CBFE61DB}.Release|Any CPU.Build.0 = Release|Any CPU
		{0987219D-C3D8-428B-9DB7-ECB937F86B2F}.Debug|Any CPU.ActiveCfg = Debug|Any CPU
		{0987219D-C3D8-428B-9DB7-ECB937F86B2F}.Debug|Any CPU.Build.0 = Debug|Any CPU
		{0987219D-C3D8-428B-9DB7-ECB937F86B2F}.Release|Any CPU.ActiveCfg = Release|Any CPU
		{0987219D-C3D8-428B-9DB7-ECB937F86B2F}.Release|Any CPU.Build.0 = Release|Any CPU
		{ED3A3190-D2C4-477D-A359-5F3E0DA137CE}.Debug|Any CPU.ActiveCfg = Debug|Any CPU
		{ED3A3190-D2C4-477D-A359-5F3E0DA137CE}.Debug|Any CPU.Build.0 = Debug|Any CPU
		{ED3A3190-D2C4-477D-A359-5F3E0DA137CE}.Release|Any CPU.ActiveCfg = Release|Any CPU
		{ED3A3190-D2C4-477D-A359-5F3E0DA137CE}.Release|Any CPU.Build.0 = Release|Any CPU
		{4A036DE4-242E-4BB7-B67F-B6498FBCCC3E}.Debug|Any CPU.ActiveCfg = Debug|Any CPU
		{4A036DE4-242E-4BB7-B67F-B6498FBCCC3E}.Debug|Any CPU.Build.0 = Debug|Any CPU
		{4A036DE4-242E-4BB7-B67F-B6498FBCCC3E}.Release|Any CPU.ActiveCfg = Release|Any CPU
		{4A036DE4-242E-4BB7-B67F-B6498FBCCC3E}.Release|Any CPU.Build.0 = Release|Any CPU
		{18AC26BC-88B8-4870-AB37-58191CF9829A}.Debug|Any CPU.ActiveCfg = Debug|Any CPU
		{18AC26BC-88B8-4870-AB37-58191CF9829A}.Debug|Any CPU.Build.0 = Debug|Any CPU
		{18AC26BC-88B8-4870-AB37-58191CF9829A}.Release|Any CPU.ActiveCfg = Release|Any CPU
		{18AC26BC-88B8-4870-AB37-58191CF9829A}.Release|Any CPU.Build.0 = Release|Any CPU
	EndGlobalSection
	GlobalSection(SolutionProperties) = preSolution
		HideSolutionNode = FALSE
	EndGlobalSection
	GlobalSection(NestedProjects) = preSolution
		{26A0131E-73E8-40B5-89D2-0BDBBB5CF04C} = {D5F16636-D3D1-45BC-BC17-FC4AC7005FDC}
		{08401555-803B-4C61-9ACD-9051583F5341} = {D5F16636-D3D1-45BC-BC17-FC4AC7005FDC}
		{EC6C9F01-43AE-4603-8EB3-C09CE65FD944} = {DC049CA6-04B7-4527-8230-6BDC9A8D38EA}
		{A4AA5DCF-90B6-4E6B-AE29-41D9DE3632F9} = {DC049CA6-04B7-4527-8230-6BDC9A8D38EA}
		{02BB04BE-DC13-4DFA-ADB4-05C9CBFE61DB} = {DC049CA6-04B7-4527-8230-6BDC9A8D38EA}
		{0987219D-C3D8-428B-9DB7-ECB937F86B2F} = {64628FB3-B977-4FB4-B9EA-90C600456613}
		{ED3A3190-D2C4-477D-A359-5F3E0DA137CE} = {64628FB3-B977-4FB4-B9EA-90C600456613}
		{4A036DE4-242E-4BB7-B67F-B6498FBCCC3E} = {3F3EDE4B-44FB-448F-8D79-736ADFE4ECDE}
		{18AC26BC-88B8-4870-AB37-58191CF9829A} = {3F3EDE4B-44FB-448F-8D79-736ADFE4ECDE}
	EndGlobalSection
	GlobalSection(ExtensibilityGlobals) = postSolution
		SolutionGuid = {353C91A7-1726-466F-A3CC-4383849492B2}
	EndGlobalSection
EndGlobal
